
Microsoft Visual Studio Solution File, Format Version 12.00
# Visual Studio Version 16
VisualStudioVersion = 16.0.29519.87
MinimumVisualStudioVersion = 10.0.40219.1
Project("{FAE04EC0-301F-11D3-BF4B-00C04F79EFBC}") = "Maway.WebApi", "Maway.WebApi\Maway.WebApi.csproj", "{6C218DF9-B09D-4618-B586-A85AF8EDB398}"
EndProject
Project("{FAE04EC0-301F-11D3-BF4B-00C04F79EFBC}") = "Maway.BusinessLogic", "Maway.BusinessLogic\Maway.BusinessLogic.csproj", "{818BC044-D9C5-4F86-85B2-2FBCB6F99BEE}"
EndProject
Project("{FAE04EC0-301F-11D3-BF4B-00C04F79EFBC}") = "Maway.Data", "Maway.Data\Maway.Data.csproj", "{48E16EDA-2CA8-45DB-9A62-6F7CA6744DF6}"
EndProject
Global
	GlobalSection(SolutionConfigurationPlatforms) = preSolution
		Debug|Any CPU = Debug|Any CPU
		Release|Any CPU = Release|Any CPU
	EndGlobalSection
	GlobalSection(ProjectConfigurationPlatforms) = postSolution
		{6C218DF9-B09D-4618-B586-A85AF8EDB398}.Debug|Any CPU.ActiveCfg = Debug|Any CPU
		{6C218DF9-B09D-4618-B586-A85AF8EDB398}.Debug|Any CPU.Build.0 = Debug|Any CPU
		{6C218DF9-B09D-4618-B586-A85AF8EDB398}.Release|Any CPU.ActiveCfg = Release|Any CPU
		{6C218DF9-B09D-4618-B586-A85AF8EDB398}.Release|Any CPU.Build.0 = Release|Any CPU
		{818BC044-D9C5-4F86-85B2-2FBCB6F99BEE}.Debug|Any CPU.ActiveCfg = Debug|Any CPU
		{818BC044-D9C5-4F86-85B2-2FBCB6F99BEE}.Debug|Any CPU.Build.0 = Debug|Any CPU
		{818BC044-D9C5-4F86-85B2-2FBCB6F99BEE}.Release|Any CPU.ActiveCfg = Release|Any CPU
		{818BC044-D9C5-4F86-85B2-2FBCB6F99BEE}.Release|Any CPU.Build.0 = Release|Any CPU
		{48E16EDA-2CA8-45DB-9A62-6F7CA6744DF6}.Debug|Any CPU.ActiveCfg = Debug|Any CPU
		{48E16EDA-2CA8-45DB-9A62-6F7CA6744DF6}.Debug|Any CPU.Build.0 = Debug|Any CPU
		{48E16EDA-2CA8-45DB-9A62-6F7CA6744DF6}.Release|Any CPU.ActiveCfg = Release|Any CPU
		{48E16EDA-2CA8-45DB-9A62-6F7CA6744DF6}.Release|Any CPU.Build.0 = Release|Any CPU
	EndGlobalSection
	GlobalSection(SolutionProperties) = preSolution
		HideSolutionNode = FALSE
	EndGlobalSection
	GlobalSection(ExtensibilityGlobals) = postSolution
		SolutionGuid = {404B20E7-1FB3-4949-A010-D193FE7862B7}
	EndGlobalSection
EndGlobal
